
Microsoft Visual Studio Solution File, Format Version 12.00
# Visual Studio Version 16
VisualStudioVersion = 16.0.31729.503
MinimumVisualStudioVersion = 10.0.40219.1
Project("{FAE04EC0-301F-11D3-BF4B-00C04F79EFBC}") = "MichaelPart", "MichaelPart\MichaelPart.csproj", "{0060E91A-CEEF-4182-A68F-71C4DBADFC0F}"
EndProject
Global
	GlobalSection(SolutionConfigurationPlatforms) = preSolution
		Debug|Any CPU = Debug|Any CPU
		Release|Any CPU = Release|Any CPU
	EndGlobalSection
	GlobalSection(ProjectConfigurationPlatforms) = postSolution
		{0060E91A-CEEF-4182-A68F-71C4DBADFC0F}.Debug|Any CPU.ActiveCfg = Debug|Any CPU
		{0060E91A-CEEF-4182-A68F-71C4DBADFC0F}.Debug|Any CPU.Build.0 = Debug|Any CPU
		{0060E91A-CEEF-4182-A68F-71C4DBADFC0F}.Release|Any CPU.ActiveCfg = Release|Any CPU
		{0060E91A-CEEF-4182-A68F-71C4DBADFC0F}.Release|Any CPU.Build.0 = Release|Any CPU
	EndGlobalSection
	GlobalSection(SolutionProperties) = preSolution
		HideSolutionNode = FALSE
	EndGlobalSection
	GlobalSection(ExtensibilityGlobals) = postSolution
		SolutionGuid = {C8D56286-2C93-4C2F-B8FC-34B69FFB4AF9}
	EndGlobalSection
EndGlobal
